
Microsoft Visual Studio Solution File, Format Version 12.00
# Visual Studio Version 16
VisualStudioVersion = 16.0.30907.101
MinimumVisualStudioVersion = 10.0.40219.1
Project("{FAE04EC0-301F-11D3-BF4B-00C04F79EFBC}") = "IT22L_XML", "IT22L_XML\IT22L_XML.csproj", "{E415299C-6C39-4D5D-99E9-2150AEBD26E1}"
EndProject
Global
	GlobalSection(SolutionConfigurationPlatforms) = preSolution
		Debug|Any CPU = Debug|Any CPU
		Release|Any CPU = Release|Any CPU
	EndGlobalSection
	GlobalSection(ProjectConfigurationPlatforms) = postSolution
		{E415299C-6C39-4D5D-99E9-2150AEBD26E1}.Debug|Any CPU.ActiveCfg = Debug|Any CPU
		{E415299C-6C39-4D5D-99E9-2150AEBD26E1}.Debug|Any CPU.Build.0 = Debug|Any CPU
		{E415299C-6C39-4D5D-99E9-2150AEBD26E1}.Release|Any CPU.ActiveCfg = Release|Any CPU
		{E415299C-6C39-4D5D-99E9-2150AEBD26E1}.Release|Any CPU.Build.0 = Release|Any CPU
	EndGlobalSection
	GlobalSection(SolutionProperties) = preSolution
		HideSolutionNode = FALSE
	EndGlobalSection
	GlobalSection(ExtensibilityGlobals) = postSolution
		SolutionGuid = {AF443876-4921-4471-ADE2-00EF22C258C7}
	EndGlobalSection
EndGlobal
